
Microsoft Visual Studio Solution File, Format Version 12.00
# Visual Studio Version 17
VisualStudioVersion = 17.4.33213.308
MinimumVisualStudioVersion = 10.0.40219.1
Project("{FAE04EC0-301F-11D3-BF4B-00C04F79EFBC}") = "Decorator", "Decorator\Decorator.csproj", "{2FB047B5-499A-4BDC-B194-5CD4F9E3E7C6}"
EndProject
Global
	GlobalSection(SolutionConfigurationPlatforms) = preSolution
		Debug|Any CPU = Debug|Any CPU
		Release|Any CPU = Release|Any CPU
	EndGlobalSection
	GlobalSection(ProjectConfigurationPlatforms) = postSolution
		{2FB047B5-499A-4BDC-B194-5CD4F9E3E7C6}.Debug|Any CPU.ActiveCfg = Debug|Any CPU
		{2FB047B5-499A-4BDC-B194-5CD4F9E3E7C6}.Debug|Any CPU.Build.0 = Debug|Any CPU
		{2FB047B5-499A-4BDC-B194-5CD4F9E3E7C6}.Release|Any CPU.ActiveCfg = Release|Any CPU
		{2FB047B5-499A-4BDC-B194-5CD4F9E3E7C6}.Release|Any CPU.Build.0 = Release|Any CPU
	EndGlobalSection
	GlobalSection(SolutionProperties) = preSolution
		HideSolutionNode = FALSE
	EndGlobalSection
	GlobalSection(ExtensibilityGlobals) = postSolution
		SolutionGuid = {4AABB233-95D1-4CBA-9D68-F2D9301B6953}
	EndGlobalSection
EndGlobal
